{
  "version": 4,
  "terraform_version": "0.13.3",
  "serial": 3,
  "lineage": "4403c328-edf1-df25-51e9-53fbabeefc9b",
  "outputs": {},
  "resources": [
    {
      "mode": "managed",
      "type": "aws_instance",
      "name": "web",
      "provider": "provider[\"registry.terraform.io/hashicorp/aws\"]",
      "instances": [
        {
          "schema_version": 1,
          "attributes": {
            "ami": "ami-0e82959d4ed12de3f",
            "arn": "arn:aws:ec2:us-east-2:235507155399:instance/i-08d0bab5dce2a3ac4",
            "associate_public_ip_address": true,
            "availability_zone": "us-east-2c",
            "cpu_core_count": 1,
            "cpu_threads_per_core": 2,
            "credit_specification": [
              {
                "cpu_credits": "unlimited"
              }
            ],
            "disable_api_termination": false,
            "ebs_block_device": [],
            "ebs_optimized": false,
            "ephemeral_block_device": [],
            "get_password_data": false,
            "hibernation": false,
            "host_id": null,
            "iam_instance_profile": "",
            "id": "i-08d0bab5dce2a3ac4",
            "instance_initiated_shutdown_behavior": null,
            "instance_state": "running",
            "instance_type": "t3.micro",
            "ipv6_address_count": 0,
            "ipv6_addresses": [],
            "key_name": "terraform-demo",
            "metadata_options": [
              {
                "http_endpoint": "enabled",
                "http_put_response_hop_limit": 1,
                "http_tokens": "optional"
              }
            ],
            "monitoring": false,
            "network_interface": [],
            "outpost_arn": "",
            "password_data": "",
            "placement_group": "",
            "primary_network_interface_id": "eni-05fa48150af8368c0",
            "private_dns": "ip-172-31-46-149.us-east-2.compute.internal",
            "private_ip": "172.31.46.149",
            "public_dns": "ec2-13-59-61-57.us-east-2.compute.amazonaws.com",
            "public_ip": "13.59.61.57",
            "root_block_device": [
              {
                "delete_on_termination": true,
                "device_name": "/dev/sda1",
                "encrypted": false,
                "iops": 100,
                "kms_key_id": "",
                "volume_id": "vol-0964047be352cf7ec",
                "volume_size": 8,
                "volume_type": "gp2"
              }
            ],
            "secondary_private_ips": [],
            "security_groups": [
              "default"
            ],
            "source_dest_check": true,
            "subnet_id": "subnet-29880765",
            "tags": {
              "Name": "Ubuntu Instance created by Terraform"
            },
            "tenancy": "default",
            "timeouts": null,
            "user_data": "6f3f3a93d6405c9a103a1f63421f302840cd0c34",
            "user_data_base64": null,
            "volume_tags": {},
            "vpc_security_group_ids": [
              "sg-6ca49608"
            ]
          },
          "private": "eyJlMmJmYjczMC1lY2FhLTExZTYtOGY4OC0zNDM2M2JjN2M0YzAiOnsiY3JlYXRlIjo2MDAwMDAwMDAwMDAsImRlbGV0ZSI6MTIwMDAwMDAwMDAwMCwidXBkYXRlIjo2MDAwMDAwMDAwMDB9LCJzY2hlbWFfdmVyc2lvbiI6IjEifQ==",
          "dependencies": [
            "aws_key_pair.terraform-demo"
          ]
        }
      ]
    },
    {
      "mode": "managed",
      "type": "aws_key_pair",
      "name": "terraform-demo",
      "provider": "provider[\"registry.terraform.io/hashicorp/aws\"]",
      "instances": [
        {
          "schema_version": 1,
          "attributes": {
            "arn": "arn:aws:ec2:us-east-2:235507155399:key-pair/terraform-demo",
            "fingerprint": "a3:81:86:ea:d1:f5:d0:08:80:15:18:91:50:38:32:65",
            "id": "terraform-demo",
            "key_name": "terraform-demo",
            "key_name_prefix": null,
            "key_pair_id": "key-0e376f97882167df6",
            "public_key": "ssh-rsa AAAAB3NzaC1yc2EAAAADAQABAAACAQDDCrClLawfTl0GikBFvmpcNc5eNV4to9pnVsc9+vz1wv02pKGmE2S5iAfnQ4Jo6IJZAo+3DxRDxAGtKwq3qdbkOz/o1r1wm+RLzZEf5N6bjbmYRoEDO/A+VJhYMSAKsQod9MC5i3Aj2qzAzlR5HRrnhEzWgT+pTXqGPgwlkm+58VnZ/gYyvM8KoYyVySbu/QK/xjuJ0ti3fl3cjzw51MGch9d1Nz0+w0d5b7GByEdeoVNihDMhKN41yCHgg7LogAt5dFN1SW4DVjN9BLCPkXYrF3sdxbh7tctI/WdqW7byLwa3+6+sIaaJvFjMN9rR8+zTcEi6Q3GhmR41sD1Gdh/GsqI6ydk6gBNgaxCaTzuc7neeMnYb0GApZuR5Z5Pqar6fOSMWKeHXTfd/arBlCdkZ/jXDDmoMGLgBiGZTYHboe666+URmfhaFm4p1Vo8ieSWhc/ufgaMTjIBLnhEXUbF4t/kPnxrmPKHi57k+XdMKJnGy0xnN25FEMAy9h3M/1phrLpaWwMCKrT1PBSHK2RuMjRZLTlH18TlxrIyuLRNmxCNHiWMrfRUnqql/bJo64Fv78PpOW07CraloplSkQEskDwMRBX+dZKFcIPIFwtycHaogv+tAPteGUTorIt25jX55s0YLUaXldkw4guhahHxNsehGOj6NrHjJPs1seg2aYw== user@MACs-MacBook-Pro.local",
            "tags": null
          },
          "private": "eyJzY2hlbWFfdmVyc2lvbiI6IjEifQ=="
        }
      ]
    }
  ]
}
